// !$*UTF8*$!
{
	archiveVersion = 1;
	classes = {
	};
	objectVersion = 50;
	objects = {

/* Begin PBXGroup section */
		FDC8E8502398FDFA00A8EAA4 = {
			isa = PBXGroup;
			children = (
			);
			sourceTree = "<group>";
		};
/* End PBXGroup section */

/* Begin PBXProject section */
		FDC8E8512398FDFA00A8EAA4 /* Project object */ = {
			isa = PBXProject;
			attributes = {
				LastUpgradeCheck = 1120;
			};
			buildConfigurationList = FDC8E8542398FDFA00A8EAA4 /* Build configuration list for PBXProject "Diffable" */;
			compatibilityVersion = "Xcode 9.3";
			developmentRegion = en;
			hasScannedForEncodings = 0;
			knownRegions = (
				en,
				Base,
			);
			mainGroup = FDC8E8502398FDFA00A8EAA4;
			projectDirPath = "";
			projectRoot = "";
			targets = (
			);
		};
/* End PBXProject section */

/* Begin XCBuildConfiguration section */
		FDC8E8552398FDFA00A8EAA4 /* Debug */ = {
			isa = XCBuildConfiguration;
			buildSettings = {
			};
			name = Debug;
		};
		FDC8E8562398FDFA00A8EAA4 /* Release */ = {
			isa = XCBuildConfiguration;
			buildSettings = {
			};
			name = Release;
		};
/* End XCBuildConfiguration section */

/* Begin XCConfigurationList section */
		FDC8E8542398FDFA00A8EAA4 /* Build configuration list for PBXProject "Diffable" */ = {
			isa = XCConfigurationList;
			buildConfigurations = (
				FDC8E8552398FDFA00A8EAA4 /* Debug */,
				FDC8E8562398FDFA00A8EAA4 /* Release */,
			);
			defaultConfigurationIsVisible = 0;
			defaultConfigurationName = Release;
		};
/* End XCConfigurationList section */
	};
	rootObject = FDC8E8512398FDFA00A8EAA4 /* Project object */;
}
